// !$*UTF8*$!
{
	archiveVersion = 1;
	classes = {
	};
	objectVersion = 46;
	objects = {

/* Begin PBXBuildFile section */
		DD256BF91CFCF96000FFE33B /* ProKit.framework in Frameworks */ = {isa = PBXBuildFile; fileRef = DD256BF81CFCF96000FFE33B /* ProKit.framework */; };
		DDA691CB1CFA02CA00583328 /* MainWindowController.swift in Sources */ = {isa = PBXBuildFile; fileRef = DDA691CA1CFA02CA00583328 /* MainWindowController.swift */; };
		DDC06B761CA8BCF300B6A9F3 /* AppDelegate.swift in Sources */ = {isa = PBXBuildFile; fileRef = DDC06B751CA8BCF300B6A9F3 /* AppDelegate.swift */; };
		DDC06B781CA8BCF300B6A9F3 /* ImagesViewController.swift in Sources */ = {isa = PBXBuildFile; fileRef = DDC06B771CA8BCF300B6A9F3 /* ImagesViewController.swift */; };
		DDC06B7A1CA8BCF300B6A9F3 /* AssetCatalogDocument.swift in Sources */ = {isa = PBXBuildFile; fileRef = DDC06B791CA8BCF300B6A9F3 /* AssetCatalogDocument.swift */; };
		DDC06B7C1CA8BCF300B6A9F3 /* Assets.xcassets in Resources */ = {isa = PBXBuildFile; fileRef = DDC06B7B1CA8BCF300B6A9F3 /* Assets.xcassets */; };
		DDC06B7F1CA8BCF300B6A9F3 /* Main.storyboard in Resources */ = {isa = PBXBuildFile; fileRef = DDC06B7D1CA8BCF300B6A9F3 /* Main.storyboard */; };
		DDC06B8D1CA8BD6000B6A9F3 /* AssetCatalogReader.m in Sources */ = {isa = PBXBuildFile; fileRef = DDC06B8C1CA8BD6000B6A9F3 /* AssetCatalogReader.m */; };
		DDC06B911CA8BDE900B6A9F3 /* CoreUI.framework in Frameworks */ = {isa = PBXBuildFile; fileRef = DDC06B901CA8BDE900B6A9F3 /* CoreUI.framework */; };
		DDC06B941CA8C4FC00B6A9F3 /* ProgressBar.swift in Sources */ = {isa = PBXBuildFile; fileRef = DDC06B931CA8C4FC00B6A9F3 /* ProgressBar.swift */; };
		DDC06BA41CA8C9B100B6A9F3 /* GridLayout.swift in Sources */ = {isa = PBXBuildFile; fileRef = DDC06BA31CA8C9B100B6A9F3 /* GridLayout.swift */; };
		DDC06BAC1CA8CB6200B6A9F3 /* ImagesCollectionViewDataProvider.swift in Sources */ = {isa = PBXBuildFile; fileRef = DDC06BAB1CA8CB6200B6A9F3 /* ImagesCollectionViewDataProvider.swift */; };
		DDC06BB01CA8CFB900B6A9F3 /* ImageCollectionViewItem.swift in Sources */ = {isa = PBXBuildFile; fileRef = DDC06BAE1CA8CFB900B6A9F3 /* ImageCollectionViewItem.swift */; };
		DDC06BB11CA8CFB900B6A9F3 /* ImageCollectionViewItem.xib in Resources */ = {isa = PBXBuildFile; fileRef = DDC06BAF1CA8CFB900B6A9F3 /* ImageCollectionViewItem.xib */; };
		DDDDE5C91CA96EF400B353D3 /* DocumentController.swift in Sources */ = {isa = PBXBuildFile; fileRef = DDDDE5C81CA96EF400B353D3 /* DocumentController.swift */; };
		DDDDE5CB1CA97C0300B353D3 /* QuickLookableCollectionView.swift in Sources */ = {isa = PBXBuildFile; fileRef = DDDDE5CA1CA97C0300B353D3 /* QuickLookableCollectionView.swift */; };
/* End PBXBuildFile section */

/* Begin PBXFileReference section */
		DD256BF71CFCF93F00FFE33B /* ProKit.h */ = {isa = PBXFileReference; lastKnownFileType = sourcecode.c.h; path = ProKit.h; sourceTree = "<group>"; };
		DD256BF81CFCF96000FFE33B /* ProKit.framework */ = {isa = PBXFileReference; lastKnownFileType = wrapper.framework; name = ProKit.framework; path = ../../../../../System/Library/PrivateFrameworks/ProKit.framework; sourceTree = "<group>"; };
		DDA691CA1CFA02CA00583328 /* MainWindowController.swift */ = {isa = PBXFileReference; fileEncoding = 4; lastKnownFileType = sourcecode.swift; path = MainWindowController.swift; sourceTree = "<group>"; };
		DDC06B721CA8BCF300B6A9F3 /* Asset Catalog Tinkerer.app */ = {isa = PBXFileReference; explicitFileType = wrapper.application; includeInIndex = 0; path = "Asset Catalog Tinkerer.app"; sourceTree = BUILT_PRODUCTS_DIR; };
		DDC06B751CA8BCF300B6A9F3 /* AppDelegate.swift */ = {isa = PBXFileReference; lastKnownFileType = sourcecode.swift; path = AppDelegate.swift; sourceTree = "<group>"; };
		DDC06B771CA8BCF300B6A9F3 /* ImagesViewController.swift */ = {isa = PBXFileReference; lastKnownFileType = sourcecode.swift; path = ImagesViewController.swift; sourceTree = "<group>"; };
		DDC06B791CA8BCF300B6A9F3 /* AssetCatalogDocument.swift */ = {isa = PBXFileReference; lastKnownFileType = sourcecode.swift; path = AssetCatalogDocument.swift; sourceTree = "<group>"; };
		DDC06B7B1CA8BCF300B6A9F3 /* Assets.xcassets */ = {isa = PBXFileReference; lastKnownFileType = folder.assetcatalog; path = Assets.xcassets; sourceTree = "<group>"; };
		DDC06B7E1CA8BCF300B6A9F3 /* Base */ = {isa = PBXFileReference; lastKnownFileType = file.storyboard; name = Base; path = Base.lproj/Main.storyboard; sourceTree = "<group>"; };
		DDC06B801CA8BCF300B6A9F3 /* Info.plist */ = {isa = PBXFileReference; lastKnownFileType = text.plist.xml; path = Info.plist; sourceTree = "<group>"; };
		DDC06B871CA8BD0D00B6A9F3 /* CoreUI+TV.h */ = {isa = PBXFileReference; fileEncoding = 4; lastKnownFileType = sourcecode.c.h; path = "CoreUI+TV.h"; sourceTree = "<group>"; };
		DDC06B881CA8BD0D00B6A9F3 /* CoreUI.h */ = {isa = PBXFileReference; fileEncoding = 4; lastKnownFileType = sourcecode.c.h; path = CoreUI.h; sourceTree = "<group>"; };
		DDC06B8A1CA8BD6000B6A9F3 /* Asset Catalog Tinkerer-Bridging-Header.h */ = {isa = PBXFileReference; lastKnownFileType = sourcecode.c.h; path = "Asset Catalog Tinkerer-Bridging-Header.h"; sourceTree = "<group>"; };
		DDC06B8B1CA8BD6000B6A9F3 /* AssetCatalogReader.h */ = {isa = PBXFileReference; fileEncoding = 4; lastKnownFileType = sourcecode.c.h; path = AssetCatalogReader.h; sourceTree = "<group>"; };
		DDC06B8C1CA8BD6000B6A9F3 /* AssetCatalogReader.m */ = {isa = PBXFileReference; fileEncoding = 4; lastKnownFileType = sourcecode.c.objc; path = AssetCatalogReader.m; sourceTree = "<group>"; };
		DDC06B901CA8BDE900B6A9F3 /* CoreUI.framework */ = {isa = PBXFileReference; lastKnownFileType = wrapper.framework; name = CoreUI.framework; path = ../../../../../../System/Library/PrivateFrameworks/CoreUI.framework; sourceTree = "<group>"; };
		DDC06B931CA8C4FC00B6A9F3 /* ProgressBar.swift */ = {isa = PBXFileReference; fileEncoding = 4; lastKnownFileType = sourcecode.swift; path = ProgressBar.swift; sourceTree = "<group>"; };
		DDC06BA31CA8C9B100B6A9F3 /* GridLayout.swift */ = {isa = PBXFileReference; fileEncoding = 4; lastKnownFileType = sourcecode.swift; path = GridLayout.swift; sourceTree = "<group>"; };
		DDC06BAB1CA8CB6200B6A9F3 /* ImagesCollectionViewDataProvider.swift */ = {isa = PBXFileReference; fileEncoding = 4; lastKnownFileType = sourcecode.swift; path = ImagesCollectionViewDataProvider.swift; sourceTree = "<group>"; };
		DDC06BAE1CA8CFB900B6A9F3 /* ImageCollectionViewItem.swift */ = {isa = PBXFileReference; fileEncoding = 4; lastKnownFileType = sourcecode.swift; path = ImageCollectionViewItem.swift; sourceTree = "<group>"; };
		DDC06BAF1CA8CFB900B6A9F3 /* ImageCollectionViewItem.xib */ = {isa = PBXFileReference; fileEncoding = 4; lastKnownFileType = file.xib; path = ImageCollectionViewItem.xib; sourceTree = "<group>"; };
		DDDDE5C81CA96EF400B353D3 /* DocumentController.swift */ = {isa = PBXFileReference; fileEncoding = 4; lastKnownFileType = sourcecode.swift; path = DocumentController.swift; sourceTree = "<group>"; };
		DDDDE5CA1CA97C0300B353D3 /* QuickLookableCollectionView.swift */ = {isa = PBXFileReference; fileEncoding = 4; lastKnownFileType = sourcecode.swift; path = QuickLookableCollectionView.swift; sourceTree = "<group>"; };
/* End PBXFileReference section */

/* Begin PBXFrameworksBuildPhase section */
		DDC06B6F1CA8BCF300B6A9F3 /* Frameworks */ = {
			isa = PBXFrameworksBuildPhase;
			buildActionMask = 2147483647;
			files = (
				DDC06B911CA8BDE900B6A9F3 /* CoreUI.framework in Frameworks */,
				DD256BF91CFCF96000FFE33B /* ProKit.framework in Frameworks */,
			);
			runOnlyForDeploymentPostprocessing = 0;
		};
/* End PBXFrameworksBuildPhase section */

/* Begin PBXGroup section */
		DDC06B691CA8BCF300B6A9F3 = {
			isa = PBXGroup;
			children = (
				DD256BF81CFCF96000FFE33B /* ProKit.framework */,
				DDC06B901CA8BDE900B6A9F3 /* CoreUI.framework */,
				DDC06B741CA8BCF300B6A9F3 /* Asset Catalog Tinkerer */,
				DDC06B731CA8BCF300B6A9F3 /* Products */,
			);
			sourceTree = "<group>";
		};
		DDC06B731CA8BCF300B6A9F3 /* Products */ = {
			isa = PBXGroup;
			children = (
				DDC06B721CA8BCF300B6A9F3 /* Asset Catalog Tinkerer.app */,
			);
			name = Products;
			sourceTree = "<group>";
		};
		DDC06B741CA8BCF300B6A9F3 /* Asset Catalog Tinkerer */ = {
			isa = PBXGroup;
			children = (
				DDC06BB31CA8DC0C00B6A9F3 /* Resources */,
				DDC06B861CA8BD0D00B6A9F3 /* Private Headers */,
				DDC06B8E1CA8BD6500B6A9F3 /* Bootstrap */,
				DDC06B891CA8BD1100B6A9F3 /* Core */,
				DDC06B8F1CA8BD6F00B6A9F3 /* UI */,
			);
			path = "Asset Catalog Tinkerer";
			sourceTree = "<group>";
		};
		DDC06B861CA8BD0D00B6A9F3 /* Private Headers */ = {
			isa = PBXGroup;
			children = (
				DDC06B871CA8BD0D00B6A9F3 /* CoreUI+TV.h */,
				DDC06B881CA8BD0D00B6A9F3 /* CoreUI.h */,
				DD256BF71CFCF93F00FFE33B /* ProKit.h */,
			);
			path = "Private Headers";
			sourceTree = SOURCE_ROOT;
		};
		DDC06B891CA8BD1100B6A9F3 /* Core */ = {
			isa = PBXGroup;
			children = (
				DDDDE5C81CA96EF400B353D3 /* DocumentController.swift */,
				DDC06B791CA8BCF300B6A9F3 /* AssetCatalogDocument.swift */,
				DDC06B8A1CA8BD6000B6A9F3 /* Asset Catalog Tinkerer-Bridging-Header.h */,
				DDC06B8B1CA8BD6000B6A9F3 /* AssetCatalogReader.h */,
				DDC06B8C1CA8BD6000B6A9F3 /* AssetCatalogReader.m */,
			);
			name = Core;
			sourceTree = "<group>";
		};
		DDC06B8E1CA8BD6500B6A9F3 /* Bootstrap */ = {
			isa = PBXGroup;
			children = (
				DDC06B751CA8BCF300B6A9F3 /* AppDelegate.swift */,
			);
			name = Bootstrap;
			sourceTree = "<group>";
		};
		DDC06B8F1CA8BD6F00B6A9F3 /* UI */ = {
			isa = PBXGroup;
			children = (
				DDA691CA1CFA02CA00583328 /* MainWindowController.swift */,
				DDC06B921CA8C4F500B6A9F3 /* Views */,
				DDC06BAB1CA8CB6200B6A9F3 /* ImagesCollectionViewDataProvider.swift */,
				DDC06B771CA8BCF300B6A9F3 /* ImagesViewController.swift */,
			);
			name = UI;
			sourceTree = "<group>";
		};
		DDC06B921CA8C4F500B6A9F3 /* Views */ = {
			isa = PBXGroup;
			children = (
				DDC06BA21CA8C9AA00B6A9F3 /* CollectionView */,
				DDC06B931CA8C4FC00B6A9F3 /* ProgressBar.swift */,
			);
			name = Views;
			sourceTree = "<group>";
		};
		DDC06BA21CA8C9AA00B6A9F3 /* CollectionView */ = {
			isa = PBXGroup;
			children = (
				DDDDE5CA1CA97C0300B353D3 /* QuickLookableCollectionView.swift */,
				DDC06BA31CA8C9B100B6A9F3 /* GridLayout.swift */,
				DDC06BAE1CA8CFB900B6A9F3 /* ImageCollectionViewItem.swift */,
			);
			name = CollectionView;
			sourceTree = "<group>";
		};
		DDC06BB31CA8DC0C00B6A9F3 /* Resources */ = {
			isa = PBXGroup;
			children = (
				DDC06B801CA8BCF300B6A9F3 /* Info.plist */,
				DDC06B7D1CA8BCF300B6A9F3 /* Main.storyboard */,
				DDC06BAF1CA8CFB900B6A9F3 /* ImageCollectionViewItem.xib */,
				DDC06B7B1CA8BCF300B6A9F3 /* Assets.xcassets */,
			);
			name = Resources;
			sourceTree = "<group>";
		};
/* End PBXGroup section */

/* Begin PBXNativeTarget section */
		DDC06B711CA8BCF300B6A9F3 /* Asset Catalog Tinkerer */ = {
			isa = PBXNativeTarget;
			buildConfigurationList = DDC06B831CA8BCF300B6A9F3 /* Build configuration list for PBXNativeTarget "Asset Catalog Tinkerer" */;
			buildPhases = (
				DDC06B6E1CA8BCF300B6A9F3 /* Sources */,
				DDC06B6F1CA8BCF300B6A9F3 /* Frameworks */,
				DDC06B701CA8BCF300B6A9F3 /* Resources */,
			);
			buildRules = (
			);
			dependencies = (
			);
			name = "Asset Catalog Tinkerer";
			productName = "Asset Catalog Tinkerer";
			productReference = DDC06B721CA8BCF300B6A9F3 /* Asset Catalog Tinkerer.app */;
			productType = "com.apple.product-type.application";
		};
/* End PBXNativeTarget section */

/* Begin PBXProject section */
		DDC06B6A1CA8BCF300B6A9F3 /* Project object */ = {
			isa = PBXProject;
			attributes = {
				LastSwiftUpdateCheck = 0730;
				LastUpgradeCheck = 0800;
				ORGANIZATIONNAME = "Guilherme Rambo";
				TargetAttributes = {
					DDC06B711CA8BCF300B6A9F3 = {
						CreatedOnToolsVersion = 7.3;
						DevelopmentTeam = 8C7439RJLG;
						LastSwiftMigration = 0800;
						ProvisioningStyle = Automatic;
					};
				};
			};
			buildConfigurationList = DDC06B6D1CA8BCF300B6A9F3 /* Build configuration list for PBXProject "Asset Catalog Tinkerer" */;
			compatibilityVersion = "Xcode 3.2";
			developmentRegion = English;
			hasScannedForEncodings = 0;
			knownRegions = (
				en,
				Base,
			);
			mainGroup = DDC06B691CA8BCF300B6A9F3;
			productRefGroup = DDC06B731CA8BCF300B6A9F3 /* Products */;
			projectDirPath = "";
			projectRoot = "";
			targets = (
				DDC06B711CA8BCF300B6A9F3 /* Asset Catalog Tinkerer */,
			);
		};
/* End PBXProject section */

/* Begin PBXResourcesBuildPhase section */
		DDC06B701CA8BCF300B6A9F3 /* Resources */ = {
			isa = PBXResourcesBuildPhase;
			buildActionMask = 2147483647;
			files = (
				DDC06BB11CA8CFB900B6A9F3 /* ImageCollectionViewItem.xib in Resources */,
				DDC06B7C1CA8BCF300B6A9F3 /* Assets.xcassets in Resources */,
				DDC06B7F1CA8BCF300B6A9F3 /* Main.storyboard in Resources */,
			);
			runOnlyForDeploymentPostprocessing = 0;
		};
/* End PBXResourcesBuildPhase section */

/* Begin PBXSourcesBuildPhase section */
		DDC06B6E1CA8BCF300B6A9F3 /* Sources */ = {
			isa = PBXSourcesBuildPhase;
			buildActionMask = 2147483647;
			files = (
				DDC06B781CA8BCF300B6A9F3 /* ImagesViewController.swift in Sources */,
				DDC06BB01CA8CFB900B6A9F3 /* ImageCollectionViewItem.swift in Sources */,
				DDC06B8D1CA8BD6000B6A9F3 /* AssetCatalogReader.m in Sources */,
				DDC06B761CA8BCF300B6A9F3 /* AppDelegate.swift in Sources */,
				DDC06BAC1CA8CB6200B6A9F3 /* ImagesCollectionViewDataProvider.swift in Sources */,
				DDC06BA41CA8C9B100B6A9F3 /* GridLayout.swift in Sources */,
				DDC06B941CA8C4FC00B6A9F3 /* ProgressBar.swift in Sources */,
				DDC06B7A1CA8BCF300B6A9F3 /* AssetCatalogDocument.swift in Sources */,
				DDA691CB1CFA02CA00583328 /* MainWindowController.swift in Sources */,
				DDDDE5C91CA96EF400B353D3 /* DocumentController.swift in Sources */,
				DDDDE5CB1CA97C0300B353D3 /* QuickLookableCollectionView.swift in Sources */,
			);
			runOnlyForDeploymentPostprocessing = 0;
		};
/* End PBXSourcesBuildPhase section */

/* Begin PBXVariantGroup section */
		DDC06B7D1CA8BCF300B6A9F3 /* Main.storyboard */ = {
			isa = PBXVariantGroup;
			children = (
				DDC06B7E1CA8BCF300B6A9F3 /* Base */,
			);
			name = Main.storyboard;
			sourceTree = "<group>";
		};
/* End PBXVariantGroup section */

/* Begin XCBuildConfiguration section */
		DDC06B811CA8BCF300B6A9F3 /* Debug */ = {
			isa = XCBuildConfiguration;
			buildSettings = {
				ALWAYS_SEARCH_USER_PATHS = NO;
				CLANG_ANALYZER_NONNULL = YES;
				CLANG_CXX_LANGUAGE_STANDARD = "gnu++0x";
				CLANG_CXX_LIBRARY = "libc++";
				CLANG_ENABLE_MODULES = YES;
				CLANG_ENABLE_OBJC_ARC = YES;
				CLANG_WARN_BOOL_CONVERSION = YES;
				CLANG_WARN_CONSTANT_CONVERSION = YES;
				CLANG_WARN_DIRECT_OBJC_ISA_USAGE = YES_ERROR;
				CLANG_WARN_EMPTY_BODY = YES;
				CLANG_WARN_ENUM_CONVERSION = YES;
				CLANG_WARN_INFINITE_RECURSION = YES;
				CLANG_WARN_INT_CONVERSION = YES;
				CLANG_WARN_OBJC_ROOT_CLASS = YES_ERROR;
				CLANG_WARN_SUSPICIOUS_MOVE = YES;
				CLANG_WARN_UNREACHABLE_CODE = YES;
				CLANG_WARN__DUPLICATE_METHOD_MATCH = YES;
				CODE_SIGN_IDENTITY = "-";
				COPY_PHASE_STRIP = NO;
				DEBUG_INFORMATION_FORMAT = dwarf;
				ENABLE_STRICT_OBJC_MSGSEND = YES;
				ENABLE_TESTABILITY = YES;
				GCC_C_LANGUAGE_STANDARD = gnu99;
				GCC_DYNAMIC_NO_PIC = NO;
				GCC_NO_COMMON_BLOCKS = YES;
				GCC_OPTIMIZATION_LEVEL = 0;
				GCC_PREPROCESSOR_DEFINITIONS = (
					"DEBUG=1",
					"$(inherited)",
				);
				GCC_WARN_64_TO_32_BIT_CONVERSION = YES;
				GCC_WARN_ABOUT_RETURN_TYPE = YES_ERROR;
				GCC_WARN_UNDECLARED_SELECTOR = YES;
				GCC_WARN_UNINITIALIZED_AUTOS = YES_AGGRESSIVE;
				GCC_WARN_UNUSED_FUNCTION = YES;
				GCC_WARN_UNUSED_VARIABLE = YES;
				MACOSX_DEPLOYMENT_TARGET = 10.11;
				MTL_ENABLE_DEBUG_INFO = YES;
				ONLY_ACTIVE_ARCH = YES;
				SDKROOT = macosx;
				SWIFT_OPTIMIZATION_LEVEL = "-Onone";
			};
			name = Debug;
		};
		DDC06B821CA8BCF300B6A9F3 /* Release */ = {
			isa = XCBuildConfiguration;
			buildSettings = {
				ALWAYS_SEARCH_USER_PATHS = NO;
				CLANG_ANALYZER_NONNULL = YES;
				CLANG_CXX_LANGUAGE_STANDARD = "gnu++0x";
				CLANG_CXX_LIBRARY = "libc++";
				CLANG_ENABLE_MODULES = YES;
				CLANG_ENABLE_OBJC_ARC = YES;
				CLANG_WARN_BOOL_CONVERSION = YES;
				CLANG_WARN_CONSTANT_CONVERSION = YES;
				CLANG_WARN_DIRECT_OBJC_ISA_USAGE = YES_ERROR;
				CLANG_WARN_EMPTY_BODY = YES;
				CLANG_WARN_ENUM_CONVERSION = YES;
				CLANG_WARN_INFINITE_RECURSION = YES;
				CLANG_WARN_INT_CONVERSION = YES;
				CLANG_WARN_OBJC_ROOT_CLASS = YES_ERROR;
				CLANG_WARN_SUSPICIOUS_MOVE = YES;
				CLANG_WARN_UNREACHABLE_CODE = YES;
				CLANG_WARN__DUPLICATE_METHOD_MATCH = YES;
				CODE_SIGN_IDENTITY = "-";
				COPY_PHASE_STRIP = NO;
				DEBUG_INFORMATION_FORMAT = "dwarf-with-dsym";
				ENABLE_NS_ASSERTIONS = NO;
				ENABLE_STRICT_OBJC_MSGSEND = YES;
				GCC_C_LANGUAGE_STANDARD = gnu99;
				GCC_NO_COMMON_BLOCKS = YES;
				GCC_WARN_64_TO_32_BIT_CONVERSION = YES;
				GCC_WARN_ABOUT_RETURN_TYPE = YES_ERROR;
				GCC_WARN_UNDECLARED_SELECTOR = YES;
				GCC_WARN_UNINITIALIZED_AUTOS = YES_AGGRESSIVE;
				GCC_WARN_UNUSED_FUNCTION = YES;
				GCC_WARN_UNUSED_VARIABLE = YES;
				MACOSX_DEPLOYMENT_TARGET = 10.11;
				MTL_ENABLE_DEBUG_INFO = NO;
				SDKROOT = macosx;
				SWIFT_OPTIMIZATION_LEVEL = "-Owholemodule";
			};
			name = Release;
		};
		DDC06B841CA8BCF300B6A9F3 /* Debug */ = {
			isa = XCBuildConfiguration;
			buildSettings = {
				ASSETCATALOG_COMPILER_APPICON_NAME = AppIcon;
				CLANG_ENABLE_MODULES = YES;
				CODE_SIGN_IDENTITY = "Mac Developer";
				COMBINE_HIDPI_IMAGES = YES;
				DEVELOPMENT_TEAM = 8C7439RJLG;
				FRAMEWORK_SEARCH_PATHS = (
					"$(inherited)",
					"$(SYSTEM_LIBRARY_DIR)/PrivateFrameworks",
				);
				INFOPLIST_FILE = "Asset Catalog Tinkerer/Info.plist";
				LD_RUNPATH_SEARCH_PATHS = "$(inherited) @executable_path/../Frameworks";
				PRODUCT_BUNDLE_IDENTIFIER = "br.com.guilhermerambo.Asset-Catalog-Tinkerer";
				PRODUCT_NAME = "$(TARGET_NAME)";
				SWIFT_OBJC_BRIDGING_HEADER = "Asset Catalog Tinkerer/Asset Catalog Tinkerer-Bridging-Header.h";
				SWIFT_OPTIMIZATION_LEVEL = "-Onone";
				SWIFT_VERSION = 3.0;
			};
			name = Debug;
		};
		DDC06B851CA8BCF300B6A9F3 /* Release */ = {
			isa = XCBuildConfiguration;
			buildSettings = {
				ASSETCATALOG_COMPILER_APPICON_NAME = AppIcon;
				CLANG_ENABLE_MODULES = YES;
				CODE_SIGN_IDENTITY = "Mac Developer";
				COMBINE_HIDPI_IMAGES = YES;
				DEVELOPMENT_TEAM = 8C7439RJLG;
				FRAMEWORK_SEARCH_PATHS = (
					"$(inherited)",
					"$(SYSTEM_LIBRARY_DIR)/PrivateFrameworks",
				);
				INFOPLIST_FILE = "Asset Catalog Tinkerer/Info.plist";
				LD_RUNPATH_SEARCH_PATHS = "$(inherited) @executable_path/../Frameworks";
				PRODUCT_BUNDLE_IDENTIFIER = "br.com.guilhermerambo.Asset-Catalog-Tinkerer";
				PRODUCT_NAME = "$(TARGET_NAME)";
				SWIFT_OBJC_BRIDGING_HEADER = "Asset Catalog Tinkerer/Asset Catalog Tinkerer-Bridging-Header.h";
				SWIFT_VERSION = 3.0;
			};
			name = Release;
		};
/* End XCBuildConfiguration section */

/* Begin XCConfigurationList section */
		DDC06B6D1CA8BCF300B6A9F3 /* Build configuration list for PBXProject "Asset Catalog Tinkerer" */ = {
			isa = XCConfigurationList;
			buildConfigurations = (
				DDC06B811CA8BCF300B6A9F3 /* Debug */,
				DDC06B821CA8BCF300B6A9F3 /* Release */,
			);
			defaultConfigurationIsVisible = 0;
			defaultConfigurationName = Release;
		};
		DDC06B831CA8BCF300B6A9F3 /* Build configuration list for PBXNativeTarget "Asset Catalog Tinkerer" */ = {
			isa = XCConfigurationList;
			buildConfigurations = (
				DDC06B841CA8BCF300B6A9F3 /* Debug */,
				DDC06B851CA8BCF300B6A9F3 /* Release */,
			);
			defaultConfigurationIsVisible = 0;
			defaultConfigurationName = Release;
		};
/* End XCConfigurationList section */
	};
	rootObject = DDC06B6A1CA8BCF300B6A9F3 /* Project object */;
}
